Microsoft Visual Studio Solution File, Format Version 12.00
# Visual Studio Version 17
VisualStudioVersion = 17.5.2.0
MinimumVisualStudioVersion = 10.0.40219.1
Project("{FAE04EC0-301F-11D3-BF4B-00C04F79EFBC}") = "handleliste", "src\handleliste.csproj", "{AF5CE6DA-1933-C127-A7F3-3F566692FCF1}"
EndProject
Project("{FAE04EC0-301F-11D3-BF4B-00C04F79EFBC}") = "webapp", "webapp\webapp.csproj", "{3215F6CF-A442-1C21-6AD3-94ED23F4EBA5}"
EndProject
Global
	GlobalSection(SolutionConfigurationPlatforms) = preSolution
		Debug|Any CPU = Debug|Any CPU
		Release|Any CPU = Release|Any CPU
	EndGlobalSection
	GlobalSection(ProjectConfigurationPlatforms) = postSolution
		{AF5CE6DA-1933-C127-A7F3-3F566692FCF1}.Debug|Any CPU.ActiveCfg = Debug|Any CPU
		{AF5CE6DA-1933-C127-A7F3-3F566692FCF1}.Debug|Any CPU.Build.0 = Debug|Any CPU
		{AF5CE6DA-1933-C127-A7F3-3F566692FCF1}.Release|Any CPU.ActiveCfg = Release|Any CPU
		{AF5CE6DA-1933-C127-A7F3-3F566692FCF1}.Release|Any CPU.Build.0 = Release|Any CPU
		{3215F6CF-A442-1C21-6AD3-94ED23F4EBA5}.Debug|Any CPU.ActiveCfg = Debug|Any CPU
		{3215F6CF-A442-1C21-6AD3-94ED23F4EBA5}.Debug|Any CPU.Build.0 = Debug|Any CPU
		{3215F6CF-A442-1C21-6AD3-94ED23F4EBA5}.Release|Any CPU.ActiveCfg = Release|Any CPU
		{3215F6CF-A442-1C21-6AD3-94ED23F4EBA5}.Release|Any CPU.Build.0 = Release|Any CPU
	EndGlobalSection
	GlobalSection(SolutionProperties) = preSolution
		HideSolutionNode = FALSE
	EndGlobalSection
	GlobalSection(ExtensibilityGlobals) = postSolution
		SolutionGuid = {7F60F19C-249D-45FA-974E-3024B794820B}
	EndGlobalSection
EndGlobal
